
Microsoft Visual Studio Solution File, Format Version 12.00
# Visual Studio 14
VisualStudioVersion = 14.0.25420.1
MinimumVisualStudioVersion = 10.0.40219.1
Project("{FAE04EC0-301F-11D3-BF4B-00C04F79EFBC}") = "ODMS", "ODMS\ODMS.csproj", "{639FA5F2-AE97-42FB-A521-8C4F28D8D3E3}"
EndProject
Project("{FAE04EC0-301F-11D3-BF4B-00C04F79EFBC}") = "ODMSCommon", "ODMSCommon\ODMSCommon.csproj", "{4DC1C8CF-146A-4703-A404-EFC05C7318E9}"
EndProject
Project("{FAE04EC0-301F-11D3-BF4B-00C04F79EFBC}") = "ODMSData", "ODMSData\ODMSData.csproj", "{B5081646-3912-40D1-BDB2-0B870AD13565}"
EndProject
Project("{FAE04EC0-301F-11D3-BF4B-00C04F79EFBC}") = "ODMSBusiness", "ODMSBusiness\ODMSBusiness.csproj", "{33E51652-46F8-4E02-A526-557AC7731013}"
EndProject
Project("{FAE04EC0-301F-11D3-BF4B-00C04F79EFBC}") = "ODMSModel", "ODMSModel\ODMSModel.csproj", "{9CE95B96-F4C1-4642-A31C-55448673BA1E}"
EndProject
Project("{FAE04EC0-301F-11D3-BF4B-00C04F79EFBC}") = "ODMSService", "ODMSService\ODMSService.csproj", "{98F77DE1-6E89-4D98-85CA-DA98B0815F85}"
	ProjectSection(ProjectDependencies) = postProject
		{8F91DE1B-1A3F-4601-8AB8-5955DEC5157C} = {8F91DE1B-1A3F-4601-8AB8-5955DEC5157C}
	EndProjectSection
EndProject
Project("{FAE04EC0-301F-11D3-BF4B-00C04F79EFBC}") = "ODMSWebService", "ODMSWebService\ODMSWebService.csproj", "{8F91DE1B-1A3F-4601-8AB8-5955DEC5157C}"
EndProject
Project("{2150E333-8FDC-42A3-9474-1A3956D46DE8}") = ".nuget", ".nuget", "{5949499F-3814-4B8F-B877-8C071A24CC59}"
	ProjectSection(SolutionItems) = preProject
		.nuget\NuGet.Config = .nuget\NuGet.Config
		.nuget\NuGet.exe = .nuget\NuGet.exe
		.nuget\NuGet.targets = .nuget\NuGet.targets
	EndProjectSection
EndProject
Project("{FAE04EC0-301F-11D3-BF4B-00C04F79EFBC}") = "ReportService", "ReportService\ReportService\ReportService.csproj", "{6E264840-C0D5-46CA-953F-37AA2731F8B9}"
EndProject
Project("{2150E333-8FDC-42A3-9474-1A3956D46DE8}") = "ODMSService", "ODMSService", "{21AA6B72-AA95-4438-894D-2265174B3172}"
EndProject
Project("{2150E333-8FDC-42A3-9474-1A3956D46DE8}") = "ODMSLib", "ODMSLib", "{CD42F7D4-2052-4C9B-ABB8-450B8FA9A905}"
EndProject
Global
	GlobalSection(SolutionConfigurationPlatforms) = preSolution
		Debug|Any CPU = Debug|Any CPU
		Debug|Mixed Platforms = Debug|Mixed Platforms
		Debug|x86 = Debug|x86
		Release|Any CPU = Release|Any CPU
		Release|Mixed Platforms = Release|Mixed Platforms
		Release|x86 = Release|x86
	EndGlobalSection
	GlobalSection(ProjectConfigurationPlatforms) = postSolution
		{639FA5F2-AE97-42FB-A521-8C4F28D8D3E3}.Debug|Any CPU.ActiveCfg = Debug|Any CPU
		{639FA5F2-AE97-42FB-A521-8C4F28D8D3E3}.Debug|Any CPU.Build.0 = Debug|Any CPU
		{639FA5F2-AE97-42FB-A521-8C4F28D8D3E3}.Debug|Mixed Platforms.ActiveCfg = Debug|Any CPU
		{639FA5F2-AE97-42FB-A521-8C4F28D8D3E3}.Debug|Mixed Platforms.Build.0 = Debug|Any CPU
		{639FA5F2-AE97-42FB-A521-8C4F28D8D3E3}.Debug|x86.ActiveCfg = Debug|Any CPU
		{639FA5F2-AE97-42FB-A521-8C4F28D8D3E3}.Release|Any CPU.ActiveCfg = Release|Any CPU
		{639FA5F2-AE97-42FB-A521-8C4F28D8D3E3}.Release|Any CPU.Build.0 = Release|Any CPU
		{639FA5F2-AE97-42FB-A521-8C4F28D8D3E3}.Release|Mixed Platforms.ActiveCfg = Release|Any CPU
		{639FA5F2-AE97-42FB-A521-8C4F28D8D3E3}.Release|x86.ActiveCfg = Release|Any CPU
		{4DC1C8CF-146A-4703-A404-EFC05C7318E9}.Debug|Any CPU.ActiveCfg = Debug|Any CPU
		{4DC1C8CF-146A-4703-A404-EFC05C7318E9}.Debug|Any CPU.Build.0 = Debug|Any CPU
		{4DC1C8CF-146A-4703-A404-EFC05C7318E9}.Debug|Mixed Platforms.ActiveCfg = Debug|Any CPU
		{4DC1C8CF-146A-4703-A404-EFC05C7318E9}.Debug|Mixed Platforms.Build.0 = Debug|Any CPU
		{4DC1C8CF-146A-4703-A404-EFC05C7318E9}.Debug|x86.ActiveCfg = Debug|Any CPU
		{4DC1C8CF-146A-4703-A404-EFC05C7318E9}.Release|Any CPU.ActiveCfg = Release|Any CPU
		{4DC1C8CF-146A-4703-A404-EFC05C7318E9}.Release|Any CPU.Build.0 = Release|Any CPU
		{4DC1C8CF-146A-4703-A404-EFC05C7318E9}.Release|Mixed Platforms.ActiveCfg = Release|Any CPU
		{4DC1C8CF-146A-4703-A404-EFC05C7318E9}.Release|x86.ActiveCfg = Release|Any CPU
		{B5081646-3912-40D1-BDB2-0B870AD13565}.Debug|Any CPU.ActiveCfg = Debug|Any CPU
		{B5081646-3912-40D1-BDB2-0B870AD13565}.Debug|Any CPU.Build.0 = Debug|Any CPU
		{B5081646-3912-40D1-BDB2-0B870AD13565}.Debug|Mixed Platforms.ActiveCfg = Debug|Any CPU
		{B5081646-3912-40D1-BDB2-0B870AD13565}.Debug|Mixed Platforms.Build.0 = Debug|Any CPU
		{B5081646-3912-40D1-BDB2-0B870AD13565}.Debug|x86.ActiveCfg = Debug|Any CPU
		{B5081646-3912-40D1-BDB2-0B870AD13565}.Release|Any CPU.ActiveCfg = Release|Any CPU
		{B5081646-3912-40D1-BDB2-0B870AD13565}.Release|Any CPU.Build.0 = Release|Any CPU
		{B5081646-3912-40D1-BDB2-0B870AD13565}.Release|Mixed Platforms.ActiveCfg = Release|Any CPU
		{B5081646-3912-40D1-BDB2-0B870AD13565}.Release|x86.ActiveCfg = Release|Any CPU
		{33E51652-46F8-4E02-A526-557AC7731013}.Debug|Any CPU.ActiveCfg = Debug|Any CPU
		{33E51652-46F8-4E02-A526-557AC7731013}.Debug|Any CPU.Build.0 = Debug|Any CPU
		{33E51652-46F8-4E02-A526-557AC7731013}.Debug|Mixed Platforms.ActiveCfg = Debug|Any CPU
		{33E51652-46F8-4E02-A526-557AC7731013}.Debug|Mixed Platforms.Build.0 = Debug|Any CPU
		{33E51652-46F8-4E02-A526-557AC7731013}.Debug|x86.ActiveCfg = Debug|Any CPU
		{33E51652-46F8-4E02-A526-557AC7731013}.Release|Any CPU.ActiveCfg = Release|Any CPU
		{33E51652-46F8-4E02-A526-557AC7731013}.Release|Any CPU.Build.0 = Release|Any CPU
		{33E51652-46F8-4E02-A526-557AC7731013}.Release|Mixed Platforms.ActiveCfg = Release|Any CPU
		{33E51652-46F8-4E02-A526-557AC7731013}.Release|x86.ActiveCfg = Release|Any CPU
		{9CE95B96-F4C1-4642-A31C-55448673BA1E}.Debug|Any CPU.ActiveCfg = Debug|Any CPU
		{9CE95B96-F4C1-4642-A31C-55448673BA1E}.Debug|Any CPU.Build.0 = Debug|Any CPU
		{9CE95B96-F4C1-4642-A31C-55448673BA1E}.Debug|Mixed Platforms.ActiveCfg = Debug|Any CPU
		{9CE95B96-F4C1-4642-A31C-55448673BA1E}.Debug|Mixed Platforms.Build.0 = Debug|Any CPU
		{9CE95B96-F4C1-4642-A31C-55448673BA1E}.Debug|x86.ActiveCfg = Debug|Any CPU
		{9CE95B96-F4C1-4642-A31C-55448673BA1E}.Release|Any CPU.ActiveCfg = Release|Any CPU
		{9CE95B96-F4C1-4642-A31C-55448673BA1E}.Release|Any CPU.Build.0 = Release|Any CPU
		{9CE95B96-F4C1-4642-A31C-55448673BA1E}.Release|Mixed Platforms.ActiveCfg = Release|Any CPU
		{9CE95B96-F4C1-4642-A31C-55448673BA1E}.Release|x86.ActiveCfg = Release|Any CPU
		{98F77DE1-6E89-4D98-85CA-DA98B0815F85}.Debug|Any CPU.ActiveCfg = Debug|Any CPU
		{98F77DE1-6E89-4D98-85CA-DA98B0815F85}.Debug|Any CPU.Build.0 = Debug|Any CPU
		{98F77DE1-6E89-4D98-85CA-DA98B0815F85}.Debug|Mixed Platforms.ActiveCfg = Debug|Any CPU
		{98F77DE1-6E89-4D98-85CA-DA98B0815F85}.Debug|Mixed Platforms.Build.0 = Debug|Any CPU
		{98F77DE1-6E89-4D98-85CA-DA98B0815F85}.Debug|x86.ActiveCfg = Debug|Any CPU
		{98F77DE1-6E89-4D98-85CA-DA98B0815F85}.Release|Any CPU.ActiveCfg = Release|Any CPU
		{98F77DE1-6E89-4D98-85CA-DA98B0815F85}.Release|Any CPU.Build.0 = Release|Any CPU
		{98F77DE1-6E89-4D98-85CA-DA98B0815F85}.Release|Mixed Platforms.ActiveCfg = Release|Any CPU
		{98F77DE1-6E89-4D98-85CA-DA98B0815F85}.Release|x86.ActiveCfg = Release|Any CPU
		{8F91DE1B-1A3F-4601-8AB8-5955DEC5157C}.Debug|Any CPU.ActiveCfg = Debug|Any CPU
		{8F91DE1B-1A3F-4601-8AB8-5955DEC5157C}.Debug|Any CPU.Build.0 = Debug|Any CPU
		{8F91DE1B-1A3F-4601-8AB8-5955DEC5157C}.Debug|Mixed Platforms.ActiveCfg = Debug|Any CPU
		{8F91DE1B-1A3F-4601-8AB8-5955DEC5157C}.Debug|Mixed Platforms.Build.0 = Debug|Any CPU
		{8F91DE1B-1A3F-4601-8AB8-5955DEC5157C}.Debug|x86.ActiveCfg = Debug|Any CPU
		{8F91DE1B-1A3F-4601-8AB8-5955DEC5157C}.Release|Any CPU.ActiveCfg = Release|Any CPU
		{8F91DE1B-1A3F-4601-8AB8-5955DEC5157C}.Release|Any CPU.Build.0 = Release|Any CPU
		{8F91DE1B-1A3F-4601-8AB8-5955DEC5157C}.Release|Mixed Platforms.ActiveCfg = Release|Any CPU
		{8F91DE1B-1A3F-4601-8AB8-5955DEC5157C}.Release|x86.ActiveCfg = Release|Any CPU
		{6E264840-C0D5-46CA-953F-37AA2731F8B9}.Debug|Any CPU.ActiveCfg = Debug|Any CPU
		{6E264840-C0D5-46CA-953F-37AA2731F8B9}.Debug|Any CPU.Build.0 = Debug|Any CPU
		{6E264840-C0D5-46CA-953F-37AA2731F8B9}.Debug|Mixed Platforms.ActiveCfg = Debug|Any CPU
		{6E264840-C0D5-46CA-953F-37AA2731F8B9}.Debug|Mixed Platforms.Build.0 = Debug|Any CPU
		{6E264840-C0D5-46CA-953F-37AA2731F8B9}.Debug|x86.ActiveCfg = Debug|Any CPU
		{6E264840-C0D5-46CA-953F-37AA2731F8B9}.Debug|x86.Build.0 = Debug|Any CPU
		{6E264840-C0D5-46CA-953F-37AA2731F8B9}.Release|Any CPU.ActiveCfg = Release|Any CPU
		{6E264840-C0D5-46CA-953F-37AA2731F8B9}.Release|Any CPU.Build.0 = Release|Any CPU
		{6E264840-C0D5-46CA-953F-37AA2731F8B9}.Release|Mixed Platforms.ActiveCfg = Release|Any CPU
		{6E264840-C0D5-46CA-953F-37AA2731F8B9}.Release|Mixed Platforms.Build.0 = Release|Any CPU
		{6E264840-C0D5-46CA-953F-37AA2731F8B9}.Release|x86.ActiveCfg = Release|Any CPU
		{6E264840-C0D5-46CA-953F-37AA2731F8B9}.Release|x86.Build.0 = Release|Any CPU
	EndGlobalSection
	GlobalSection(SolutionProperties) = preSolution
		HideSolutionNode = FALSE
	EndGlobalSection
	GlobalSection(NestedProjects) = preSolution
		{4DC1C8CF-146A-4703-A404-EFC05C7318E9} = {CD42F7D4-2052-4C9B-ABB8-450B8FA9A905}
		{B5081646-3912-40D1-BDB2-0B870AD13565} = {CD42F7D4-2052-4C9B-ABB8-450B8FA9A905}
		{33E51652-46F8-4E02-A526-557AC7731013} = {CD42F7D4-2052-4C9B-ABB8-450B8FA9A905}
		{9CE95B96-F4C1-4642-A31C-55448673BA1E} = {CD42F7D4-2052-4C9B-ABB8-450B8FA9A905}
		{98F77DE1-6E89-4D98-85CA-DA98B0815F85} = {21AA6B72-AA95-4438-894D-2265174B3172}
		{8F91DE1B-1A3F-4601-8AB8-5955DEC5157C} = {21AA6B72-AA95-4438-894D-2265174B3172}
		{6E264840-C0D5-46CA-953F-37AA2731F8B9} = {21AA6B72-AA95-4438-894D-2265174B3172}
	EndGlobalSection
	GlobalSection(ExtensibilityGlobals) = postSolution
		SolutionGuid = {0A93BF64-B79E-47F1-883B-93524FD965F0}
		RESX_ExcelExportMode = SingleSheet
	EndGlobalSection
	GlobalSection(TeamFoundationVersionControl) = preSolution
		SccNumberOfProjects = 9
		SccEnterpriseProvider = {4CA58AB2-18FA-4F8D-95D4-32DDF27D184C}
		SccTeamFoundationServer = http://bellatrix:8080/tfs/yg
		SccLocalPath0 = .
		SccProjectUniqueName1 = ODMS\\ODMS.csproj
		SccProjectName1 = ODMS
		SccLocalPath1 = ODMS
		SccProjectUniqueName2 = ODMSCommon\\ODMSCommon.csproj
		SccProjectTopLevelParentUniqueName2 = ODMS.sln
		SccProjectName2 = ODMSCommon
		SccLocalPath2 = ODMSCommon
		SccProjectUniqueName3 = ODMSData\\ODMSData.csproj
		SccProjectTopLevelParentUniqueName3 = ODMS.sln
		SccProjectName3 = ODMSData
		SccLocalPath3 = ODMSData
		SccProjectUniqueName4 = ODMSBusiness\\ODMSBusiness.csproj
		SccProjectTopLevelParentUniqueName4 = ODMS.sln
		SccProjectName4 = ODMSBusiness
		SccLocalPath4 = ODMSBusiness
		SccProjectUniqueName5 = ODMSModel\\ODMSModel.csproj
		SccProjectTopLevelParentUniqueName5 = ODMS.sln
		SccProjectName5 = ODMSModel
		SccLocalPath5 = ODMSModel
		SccProjectUniqueName6 = ODMSService\\ODMSService.csproj
		SccProjectTopLevelParentUniqueName6 = ODMS.sln
		SccProjectName6 = ODMSService
		SccLocalPath6 = ODMSService
		SccProjectUniqueName7 = ODMSWebService\\ODMSWebService.csproj
		SccProjectTopLevelParentUniqueName7 = ODMS.sln
		SccProjectName7 = ODMSWebService
		SccLocalPath7 = ODMSWebService
		SccProjectUniqueName8 = ReportService\\ReportService\\ReportService.csproj
		SccProjectTopLevelParentUniqueName8 = ODMS.sln
		SccProjectName8 = ReportService/ReportService
		SccLocalPath8 = ReportService\\ReportService
	EndGlobalSection
EndGlobal
